
Microsoft Visual Studio Solution File, Format Version 12.00
# Visual Studio Version 16
VisualStudioVersion = 16.0.30711.63
MinimumVisualStudioVersion = 10.0.40219.1
Project("{FAE04EC0-301F-11D3-BF4B-00C04F79EFBC}") = "moduls", "moduls\moduls.csproj", "{95EE9A70-B6C7-4CF9-8E74-DB93592D7699}"
EndProject
Project("{FAE04EC0-301F-11D3-BF4B-00C04F79EFBC}") = "UserTest", "UserTest\UserTest.csproj", "{58B339E6-36B1-4DD9-A9D3-D92F4ED3DACA}"
EndProject
Global
	GlobalSection(SolutionConfigurationPlatforms) = preSolution
		Debug|Any CPU = Debug|Any CPU
		Release|Any CPU = Release|Any CPU
	EndGlobalSection
	GlobalSection(ProjectConfigurationPlatforms) = postSolution
		{95EE9A70-B6C7-4CF9-8E74-DB93592D7699}.Debug|Any CPU.ActiveCfg = Debug|Any CPU
		{95EE9A70-B6C7-4CF9-8E74-DB93592D7699}.Debug|Any CPU.Build.0 = Debug|Any CPU
		{95EE9A70-B6C7-4CF9-8E74-DB93592D7699}.Release|Any CPU.ActiveCfg = Release|Any CPU
		{95EE9A70-B6C7-4CF9-8E74-DB93592D7699}.Release|Any CPU.Build.0 = Release|Any CPU
		{58B339E6-36B1-4DD9-A9D3-D92F4ED3DACA}.Debug|Any CPU.ActiveCfg = Debug|Any CPU
		{58B339E6-36B1-4DD9-A9D3-D92F4ED3DACA}.Debug|Any CPU.Build.0 = Debug|Any CPU
		{58B339E6-36B1-4DD9-A9D3-D92F4ED3DACA}.Release|Any CPU.ActiveCfg = Release|Any CPU
		{58B339E6-36B1-4DD9-A9D3-D92F4ED3DACA}.Release|Any CPU.Build.0 = Release|Any CPU
	EndGlobalSection
	GlobalSection(SolutionProperties) = preSolution
		HideSolutionNode = FALSE
	EndGlobalSection
	GlobalSection(ExtensibilityGlobals) = postSolution
		SolutionGuid = {4479E727-B1FA-4603-9FF6-E9D93DEBAD0C}
	EndGlobalSection
EndGlobal
